// !$*UTF8*$!
{
	archiveVersion = 1;
	classes = {
	};
	objectVersion = 46;
	objects = {

/* Begin PBXBuildFile section */
		D20CA9091EEBEB2400AC09A3 /* Main.storyboard in Resources */ = {isa = PBXBuildFile; fileRef = D20CA9071EEBEB2400AC09A3 /* Main.storyboard */; };
		D20CA90B1EEBEB2400AC09A3 /* Assets.xcassets in Resources */ = {isa = PBXBuildFile; fileRef = D20CA90A1EEBEB2400AC09A3 /* Assets.xcassets */; };
		D20CA90E1EEBEB2400AC09A3 /* LaunchScreen.storyboard in Resources */ = {isa = PBXBuildFile; fileRef = D20CA90C1EEBEB2400AC09A3 /* LaunchScreen.storyboard */; };
		D20CA9391EEC4D5F00AC09A3 /* ActivityVC.swift in Sources */ = {isa = PBXBuildFile; fileRef = D20CA9281EEC4D5F00AC09A3 /* ActivityVC.swift */; };
		D20CA93A1EEC4D5F00AC09A3 /* ChoicenessVC.swift in Sources */ = {isa = PBXBuildFile; fileRef = D20CA92A1EEC4D5F00AC09A3 /* ChoicenessVC.swift */; };
		D20CA93B1EEC4D5F00AC09A3 /* ChooseCarVC.swift in Sources */ = {isa = PBXBuildFile; fileRef = D20CA92C1EEC4D5F00AC09A3 /* ChooseCarVC.swift */; };
		D20CA93C1EEC4D5F00AC09A3 /* ClassExtension.swift in Sources */ = {isa = PBXBuildFile; fileRef = D20CA92E1EEC4D5F00AC09A3 /* ClassExtension.swift */; };
		D20CA93D1EEC4D5F00AC09A3 /* NewsVC.swift in Sources */ = {isa = PBXBuildFile; fileRef = D20CA9301EEC4D5F00AC09A3 /* NewsVC.swift */; };
		D20CA93E1EEC4D5F00AC09A3 /* Define.swift in Sources */ = {isa = PBXBuildFile; fileRef = D20CA9321EEC4D5F00AC09A3 /* Define.swift */; };
		D20CA93F1EEC4D5F00AC09A3 /* MainTabbar.swift in Sources */ = {isa = PBXBuildFile; fileRef = D20CA9331EEC4D5F00AC09A3 /* MainTabbar.swift */; };
		D20CA9401EEC4D5F00AC09A3 /* AppDelegate.swift in Sources */ = {isa = PBXBuildFile; fileRef = D20CA9351EEC4D5F00AC09A3 /* AppDelegate.swift */; };
		D20CA9411EEC4D5F00AC09A3 /* Info.plist in Resources */ = {isa = PBXBuildFile; fileRef = D20CA9361EEC4D5F00AC09A3 /* Info.plist */; };
		D20CA9421EEC4D5F00AC09A3 /* SettingVC.swift in Sources */ = {isa = PBXBuildFile; fileRef = D20CA9381EEC4D5F00AC09A3 /* SettingVC.swift */; };
/* End PBXBuildFile section */

/* Begin PBXFileReference section */
		D20CA9001EEBEB2400AC09A3 /* DataCar.app */ = {isa = PBXFileReference; explicitFileType = wrapper.application; includeInIndex = 0; path = DataCar.app; sourceTree = BUILT_PRODUCTS_DIR; };
		D20CA9081EEBEB2400AC09A3 /* Base */ = {isa = PBXFileReference; lastKnownFileType = file.storyboard; name = Base; path = Base.lproj/Main.storyboard; sourceTree = "<group>"; };
		D20CA90A1EEBEB2400AC09A3 /* Assets.xcassets */ = {isa = PBXFileReference; lastKnownFileType = folder.assetcatalog; path = Assets.xcassets; sourceTree = "<group>"; };
		D20CA90D1EEBEB2400AC09A3 /* Base */ = {isa = PBXFileReference; lastKnownFileType = file.storyboard; name = Base; path = Base.lproj/LaunchScreen.storyboard; sourceTree = "<group>"; };
		D20CA9281EEC4D5F00AC09A3 /* ActivityVC.swift */ = {isa = PBXFileReference; fileEncoding = 4; lastKnownFileType = sourcecode.swift; path = ActivityVC.swift; sourceTree = "<group>"; };
		D20CA92A1EEC4D5F00AC09A3 /* ChoicenessVC.swift */ = {isa = PBXFileReference; fileEncoding = 4; lastKnownFileType = sourcecode.swift; path = ChoicenessVC.swift; sourceTree = "<group>"; };
		D20CA92C1EEC4D5F00AC09A3 /* ChooseCarVC.swift */ = {isa = PBXFileReference; fileEncoding = 4; lastKnownFileType = sourcecode.swift; path = ChooseCarVC.swift; sourceTree = "<group>"; };
		D20CA92E1EEC4D5F00AC09A3 /* ClassExtension.swift */ = {isa = PBXFileReference; fileEncoding = 4; lastKnownFileType = sourcecode.swift; path = ClassExtension.swift; sourceTree = "<group>"; };
		D20CA9301EEC4D5F00AC09A3 /* NewsVC.swift */ = {isa = PBXFileReference; fileEncoding = 4; lastKnownFileType = sourcecode.swift; path = NewsVC.swift; sourceTree = "<group>"; };
		D20CA9321EEC4D5F00AC09A3 /* Define.swift */ = {isa = PBXFileReference; fileEncoding = 4; lastKnownFileType = sourcecode.swift; path = Define.swift; sourceTree = "<group>"; };
		D20CA9331EEC4D5F00AC09A3 /* MainTabbar.swift */ = {isa = PBXFileReference; fileEncoding = 4; lastKnownFileType = sourcecode.swift; path = MainTabbar.swift; sourceTree = "<group>"; };
		D20CA9351EEC4D5F00AC09A3 /* AppDelegate.swift */ = {isa = PBXFileReference; fileEncoding = 4; lastKnownFileType = sourcecode.swift; path = AppDelegate.swift; sourceTree = "<group>"; };
		D20CA9361EEC4D5F00AC09A3 /* Info.plist */ = {isa = PBXFileReference; fileEncoding = 4; lastKnownFileType = text.plist.xml; path = Info.plist; sourceTree = "<group>"; };
		D20CA9381EEC4D5F00AC09A3 /* SettingVC.swift */ = {isa = PBXFileReference; fileEncoding = 4; lastKnownFileType = sourcecode.swift; path = SettingVC.swift; sourceTree = "<group>"; };
/* End PBXFileReference section */

/* Begin PBXFrameworksBuildPhase section */
		D20CA8FD1EEBEB2400AC09A3 /* Frameworks */ = {
			isa = PBXFrameworksBuildPhase;
			buildActionMask = 2147483647;
			files = (
			);
			runOnlyForDeploymentPostprocessing = 0;
		};
/* End PBXFrameworksBuildPhase section */

/* Begin PBXGroup section */
		D20CA8F71EEBEB2400AC09A3 = {
			isa = PBXGroup;
			children = (
				D20CA9021EEBEB2400AC09A3 /* DataCar */,
				D20CA9011EEBEB2400AC09A3 /* Products */,
			);
			sourceTree = "<group>";
		};
		D20CA9011EEBEB2400AC09A3 /* Products */ = {
			isa = PBXGroup;
			children = (
				D20CA9001EEBEB2400AC09A3 /* DataCar.app */,
			);
			name = Products;
			sourceTree = "<group>";
		};
		D20CA9021EEBEB2400AC09A3 /* DataCar */ = {
			isa = PBXGroup;
			children = (
				D20CA9271EEC4D5F00AC09A3 /* Activity */,
				D20CA9291EEC4D5F00AC09A3 /* Choiceness */,
				D20CA92B1EEC4D5F00AC09A3 /* ChooseCar */,
				D20CA92D1EEC4D5F00AC09A3 /* ClassExtension */,
				D20CA92F1EEC4D5F00AC09A3 /* News */,
				D20CA9311EEC4D5F00AC09A3 /* Others */,
				D20CA9341EEC4D5F00AC09A3 /* ProjectFile */,
				D20CA9371EEC4D5F00AC09A3 /* Setting */,
				D20CA9071EEBEB2400AC09A3 /* Main.storyboard */,
				D20CA90A1EEBEB2400AC09A3 /* Assets.xcassets */,
				D20CA90C1EEBEB2400AC09A3 /* LaunchScreen.storyboard */,
			);
			path = DataCar;
			sourceTree = "<group>";
		};
		D20CA9271EEC4D5F00AC09A3 /* Activity */ = {
			isa = PBXGroup;
			children = (
				D20CA9281EEC4D5F00AC09A3 /* ActivityVC.swift */,
			);
			path = Activity;
			sourceTree = "<group>";
		};
		D20CA9291EEC4D5F00AC09A3 /* Choiceness */ = {
			isa = PBXGroup;
			children = (
				D20CA92A1EEC4D5F00AC09A3 /* ChoicenessVC.swift */,
			);
			path = Choiceness;
			sourceTree = "<group>";
		};
		D20CA92B1EEC4D5F00AC09A3 /* ChooseCar */ = {
			isa = PBXGroup;
			children = (
				D20CA92C1EEC4D5F00AC09A3 /* ChooseCarVC.swift */,
			);
			path = ChooseCar;
			sourceTree = "<group>";
		};
		D20CA92D1EEC4D5F00AC09A3 /* ClassExtension */ = {
			isa = PBXGroup;
			children = (
				D20CA92E1EEC4D5F00AC09A3 /* ClassExtension.swift */,
			);
			path = ClassExtension;
			sourceTree = "<group>";
		};
		D20CA92F1EEC4D5F00AC09A3 /* News */ = {
			isa = PBXGroup;
			children = (
				D20CA9301EEC4D5F00AC09A3 /* NewsVC.swift */,
			);
			path = News;
			sourceTree = "<group>";
		};
		D20CA9311EEC4D5F00AC09A3 /* Others */ = {
			isa = PBXGroup;
			children = (
				D20CA9321EEC4D5F00AC09A3 /* Define.swift */,
				D20CA9331EEC4D5F00AC09A3 /* MainTabbar.swift */,
			);
			path = Others;
			sourceTree = "<group>";
		};
		D20CA9341EEC4D5F00AC09A3 /* ProjectFile */ = {
			isa = PBXGroup;
			children = (
				D20CA9351EEC4D5F00AC09A3 /* AppDelegate.swift */,
				D20CA9361EEC4D5F00AC09A3 /* Info.plist */,
			);
			path = ProjectFile;
			sourceTree = "<group>";
		};
		D20CA9371EEC4D5F00AC09A3 /* Setting */ = {
			isa = PBXGroup;
			children = (
				D20CA9381EEC4D5F00AC09A3 /* SettingVC.swift */,
			);
			path = Setting;
			sourceTree = "<group>";
		};
/* End PBXGroup section */

/* Begin PBXNativeTarget section */
		D20CA8FF1EEBEB2400AC09A3 /* DataCar */ = {
			isa = PBXNativeTarget;
			buildConfigurationList = D20CA9121EEBEB2400AC09A3 /* Build configuration list for PBXNativeTarget "DataCar" */;
			buildPhases = (
				D20CA8FC1EEBEB2400AC09A3 /* Sources */,
				D20CA8FD1EEBEB2400AC09A3 /* Frameworks */,
				D20CA8FE1EEBEB2400AC09A3 /* Resources */,
			);
			buildRules = (
			);
			dependencies = (
			);
			name = DataCar;
			productName = DataCar;
			productReference = D20CA9001EEBEB2400AC09A3 /* DataCar.app */;
			productType = "com.apple.product-type.application";
		};
/* End PBXNativeTarget section */

/* Begin PBXProject section */
		D20CA8F81EEBEB2400AC09A3 /* Project object */ = {
			isa = PBXProject;
			attributes = {
				LastSwiftUpdateCheck = 0830;
				LastUpgradeCheck = 0830;
				ORGANIZATIONNAME = "邢浩";
				TargetAttributes = {
					D20CA8FF1EEBEB2400AC09A3 = {
						CreatedOnToolsVersion = 8.3.3;
						DevelopmentTeam = PDRSADE88S;
						ProvisioningStyle = Automatic;
					};
				};
			};
			buildConfigurationList = D20CA8FB1EEBEB2400AC09A3 /* Build configuration list for PBXProject "DataCar" */;
			compatibilityVersion = "Xcode 3.2";
			developmentRegion = English;
			hasScannedForEncodings = 0;
			knownRegions = (
				en,
				Base,
			);
			mainGroup = D20CA8F71EEBEB2400AC09A3;
			productRefGroup = D20CA9011EEBEB2400AC09A3 /* Products */;
			projectDirPath = "";
			projectRoot = "";
			targets = (
				D20CA8FF1EEBEB2400AC09A3 /* DataCar */,
			);
		};
/* End PBXProject section */

/* Begin PBXResourcesBuildPhase section */
		D20CA8FE1EEBEB2400AC09A3 /* Resources */ = {
			isa = PBXResourcesBuildPhase;
			buildActionMask = 2147483647;
			files = (
				D20CA9411EEC4D5F00AC09A3 /* Info.plist in Resources */,
				D20CA90E1EEBEB2400AC09A3 /* LaunchScreen.storyboard in Resources */,
				D20CA90B1EEBEB2400AC09A3 /* Assets.xcassets in Resources */,
				D20CA9091EEBEB2400AC09A3 /* Main.storyboard in Resources */,
			);
			runOnlyForDeploymentPostprocessing = 0;
		};
/* End PBXResourcesBuildPhase section */

/* Begin PBXSourcesBuildPhase section */
		D20CA8FC1EEBEB2400AC09A3 /* Sources */ = {
			isa = PBXSourcesBuildPhase;
			buildActionMask = 2147483647;
			files = (
				D20CA9401EEC4D5F00AC09A3 /* AppDelegate.swift in Sources */,
				D20CA9421EEC4D5F00AC09A3 /* SettingVC.swift in Sources */,
				D20CA93A1EEC4D5F00AC09A3 /* ChoicenessVC.swift in Sources */,
				D20CA93B1EEC4D5F00AC09A3 /* ChooseCarVC.swift in Sources */,
				D20CA93C1EEC4D5F00AC09A3 /* ClassExtension.swift in Sources */,
				D20CA9391EEC4D5F00AC09A3 /* ActivityVC.swift in Sources */,
				D20CA93E1EEC4D5F00AC09A3 /* Define.swift in Sources */,
				D20CA93D1EEC4D5F00AC09A3 /* NewsVC.swift in Sources */,
				D20CA93F1EEC4D5F00AC09A3 /* MainTabbar.swift in Sources */,
			);
			runOnlyForDeploymentPostprocessing = 0;
		};
/* End PBXSourcesBuildPhase section */

/* Begin PBXVariantGroup section */
		D20CA9071EEBEB2400AC09A3 /* Main.storyboard */ = {
			isa = PBXVariantGroup;
			children = (
				D20CA9081EEBEB2400AC09A3 /* Base */,
			);
			name = Main.storyboard;
			sourceTree = "<group>";
		};
		D20CA90C1EEBEB2400AC09A3 /* LaunchScreen.storyboard */ = {
			isa = PBXVariantGroup;
			children = (
				D20CA90D1EEBEB2400AC09A3 /* Base */,
			);
			name = LaunchScreen.storyboard;
			sourceTree = "<group>";
		};
/* End PBXVariantGroup section */

/* Begin XCBuildConfiguration section */
		D20CA9101EEBEB2400AC09A3 /* Debug */ = {
			isa = XCBuildConfiguration;
			buildSettings = {
				ALWAYS_SEARCH_USER_PATHS = NO;
				CLANG_ANALYZER_NONNULL = YES;
				CLANG_ANALYZER_NUMBER_OBJECT_CONVERSION = YES_AGGRESSIVE;
				CLANG_CXX_LANGUAGE_STANDARD = "gnu++0x";
				CLANG_CXX_LIBRARY = "libc++";
				CLANG_ENABLE_MODULES = YES;
				CLANG_ENABLE_OBJC_ARC = YES;
				CLANG_WARN_BOOL_CONVERSION = YES;
				CLANG_WARN_CONSTANT_CONVERSION = YES;
				CLANG_WARN_DIRECT_OBJC_ISA_USAGE = YES_ERROR;
				CLANG_WARN_DOCUMENTATION_COMMENTS = YES;
				CLANG_WARN_EMPTY_BODY = YES;
				CLANG_WARN_ENUM_CONVERSION = YES;
				CLANG_WARN_INFINITE_RECURSION = YES;
				CLANG_WARN_INT_CONVERSION = YES;
				CLANG_WARN_OBJC_ROOT_CLASS = YES_ERROR;
				CLANG_WARN_SUSPICIOUS_MOVE = YES;
				CLANG_WARN_UNREACHABLE_CODE = YES;
				CLANG_WARN__DUPLICATE_METHOD_MATCH = YES;
				"CODE_SIGN_IDENTITY[sdk=iphoneos*]" = "iPhone Developer";
				COPY_PHASE_STRIP = NO;
				DEBUG_INFORMATION_FORMAT = dwarf;
				ENABLE_STRICT_OBJC_MSGSEND = YES;
				ENABLE_TESTABILITY = YES;
				GCC_C_LANGUAGE_STANDARD = gnu99;
				GCC_DYNAMIC_NO_PIC = NO;
				GCC_NO_COMMON_BLOCKS = YES;
				GCC_OPTIMIZATION_LEVEL = 0;
				GCC_PREPROCESSOR_DEFINITIONS = (
					"DEBUG=1",
					"$(inherited)",
				);
				GCC_WARN_64_TO_32_BIT_CONVERSION = YES;
				GCC_WARN_ABOUT_RETURN_TYPE = YES_ERROR;
				GCC_WARN_UNDECLARED_SELECTOR = YES;
				GCC_WARN_UNINITIALIZED_AUTOS = YES_AGGRESSIVE;
				GCC_WARN_UNUSED_FUNCTION = YES;
				GCC_WARN_UNUSED_VARIABLE = YES;
				IPHONEOS_DEPLOYMENT_TARGET = 10.3;
				MTL_ENABLE_DEBUG_INFO = YES;
				ONLY_ACTIVE_ARCH = YES;
				SDKROOT = iphoneos;
				SWIFT_ACTIVE_COMPILATION_CONDITIONS = DEBUG;
				SWIFT_OPTIMIZATION_LEVEL = "-Onone";
			};
			name = Debug;
		};
		D20CA9111EEBEB2400AC09A3 /* Release */ = {
			isa = XCBuildConfiguration;
			buildSettings = {
				ALWAYS_SEARCH_USER_PATHS = NO;
				CLANG_ANALYZER_NONNULL = YES;
				CLANG_ANALYZER_NUMBER_OBJECT_CONVERSION = YES_AGGRESSIVE;
				CLANG_CXX_LANGUAGE_STANDARD = "gnu++0x";
				CLANG_CXX_LIBRARY = "libc++";
				CLANG_ENABLE_MODULES = YES;
				CLANG_ENABLE_OBJC_ARC = YES;
				CLANG_WARN_BOOL_CONVERSION = YES;
				CLANG_WARN_CONSTANT_CONVERSION = YES;
				CLANG_WARN_DIRECT_OBJC_ISA_USAGE = YES_ERROR;
				CLANG_WARN_DOCUMENTATION_COMMENTS = YES;
				CLANG_WARN_EMPTY_BODY = YES;
				CLANG_WARN_ENUM_CONVERSION = YES;
				CLANG_WARN_INFINITE_RECURSION = YES;
				CLANG_WARN_INT_CONVERSION = YES;
				CLANG_WARN_OBJC_ROOT_CLASS = YES_ERROR;
				CLANG_WARN_SUSPICIOUS_MOVE = YES;
				CLANG_WARN_UNREACHABLE_CODE = YES;
				CLANG_WARN__DUPLICATE_METHOD_MATCH = YES;
				"CODE_SIGN_IDENTITY[sdk=iphoneos*]" = "iPhone Developer";
				COPY_PHASE_STRIP = NO;
				DEBUG_INFORMATION_FORMAT = "dwarf-with-dsym";
				ENABLE_NS_ASSERTIONS = NO;
				ENABLE_STRICT_OBJC_MSGSEND = YES;
				GCC_C_LANGUAGE_STANDARD = gnu99;
				GCC_NO_COMMON_BLOCKS = YES;
				GCC_WARN_64_TO_32_BIT_CONVERSION = YES;
				GCC_WARN_ABOUT_RETURN_TYPE = YES_ERROR;
				GCC_WARN_UNDECLARED_SELECTOR = YES;
				GCC_WARN_UNINITIALIZED_AUTOS = YES_AGGRESSIVE;
				GCC_WARN_UNUSED_FUNCTION = YES;
				GCC_WARN_UNUSED_VARIABLE = YES;
				IPHONEOS_DEPLOYMENT_TARGET = 10.3;
				MTL_ENABLE_DEBUG_INFO = NO;
				SDKROOT = iphoneos;
				SWIFT_OPTIMIZATION_LEVEL = "-Owholemodule";
				VALIDATE_PRODUCT = YES;
			};
			name = Release;
		};
		D20CA9131EEBEB2400AC09A3 /* Debug */ = {
			isa = XCBuildConfiguration;
			buildSettings = {
				ASSETCATALOG_COMPILER_APPICON_NAME = AppIcon;
				DEVELOPMENT_TEAM = PDRSADE88S;
				INFOPLIST_FILE = DataCar/Info.plist;
				IPHONEOS_DEPLOYMENT_TARGET = 8.0;
				LD_RUNPATH_SEARCH_PATHS = "$(inherited) @executable_path/Frameworks";
				OTHER_SWIFT_FLAGS = "";
				"OTHER_SWIFT_FLAGS[arch=*]" = "-D DEBUG";
				PRODUCT_BUNDLE_IDENTIFIER = XH.DataCar;
				PRODUCT_NAME = "$(TARGET_NAME)";
				SWIFT_VERSION = 3.0;
			};
			name = Debug;
		};
		D20CA9141EEBEB2400AC09A3 /* Release */ = {
			isa = XCBuildConfiguration;
			buildSettings = {
				ASSETCATALOG_COMPILER_APPICON_NAME = AppIcon;
				DEVELOPMENT_TEAM = PDRSADE88S;
				INFOPLIST_FILE = DataCar/Info.plist;
				IPHONEOS_DEPLOYMENT_TARGET = 8.0;
				LD_RUNPATH_SEARCH_PATHS = "$(inherited) @executable_path/Frameworks";
				OTHER_SWIFT_FLAGS = "";
				PRODUCT_BUNDLE_IDENTIFIER = XH.DataCar;
				PRODUCT_NAME = "$(TARGET_NAME)";
				SWIFT_VERSION = 3.0;
			};
			name = Release;
		};
/* End XCBuildConfiguration section */

/* Begin XCConfigurationList section */
		D20CA8FB1EEBEB2400AC09A3 /* Build configuration list for PBXProject "DataCar" */ = {
			isa = XCConfigurationList;
			buildConfigurations = (
				D20CA9101EEBEB2400AC09A3 /* Debug */,
				D20CA9111EEBEB2400AC09A3 /* Release */,
			);
			defaultConfigurationIsVisible = 0;
			defaultConfigurationName = Release;
		};
		D20CA9121EEBEB2400AC09A3 /* Build configuration list for PBXNativeTarget "DataCar" */ = {
			isa = XCConfigurationList;
			buildConfigurations = (
				D20CA9131EEBEB2400AC09A3 /* Debug */,
				D20CA9141EEBEB2400AC09A3 /* Release */,
			);
			defaultConfigurationIsVisible = 0;
		};
/* End XCConfigurationList section */
	};
	rootObject = D20CA8F81EEBEB2400AC09A3 /* Project object */;
}
